
Microsoft Visual Studio Solution File, Format Version 12.00
# Visual Studio Version 17
VisualStudioVersion = 17.4.33205.214
MinimumVisualStudioVersion = 10.0.40219.1
Project("{FAE04EC0-301F-11D3-BF4B-00C04F79EFBC}") = "EfLight", "EfLight\EfLight.csproj", "{81296272-6B91-4E4A-A556-4E8E24D14936}"
EndProject
Global
	GlobalSection(SolutionConfigurationPlatforms) = preSolution
		Debug|Any CPU = Debug|Any CPU
		Release|Any CPU = Release|Any CPU
	EndGlobalSection
	GlobalSection(ProjectConfigurationPlatforms) = postSolution
		{81296272-6B91-4E4A-A556-4E8E24D14936}.Debug|Any CPU.ActiveCfg = Debug|Any CPU
		{81296272-6B91-4E4A-A556-4E8E24D14936}.Debug|Any CPU.Build.0 = Debug|Any CPU
		{81296272-6B91-4E4A-A556-4E8E24D14936}.Release|Any CPU.ActiveCfg = Release|Any CPU
		{81296272-6B91-4E4A-A556-4E8E24D14936}.Release|Any CPU.Build.0 = Release|Any CPU
	EndGlobalSection
	GlobalSection(SolutionProperties) = preSolution
		HideSolutionNode = FALSE
	EndGlobalSection
	GlobalSection(ExtensibilityGlobals) = postSolution
		SolutionGuid = {AAE530E0-FE89-4A45-8F1E-C41FEBF36F01}
	EndGlobalSection
EndGlobal
